// !$*UTF8*$!
{
	archiveVersion = 1;
	classes = {
	};
	objectVersion = 48;
	objects = {

/* Begin PBXBuildFile section */
		4717B538206750880086DB3D /* TimeFormatter.swift in Sources */ = {isa = PBXBuildFile; fileRef = 4717B537206750880086DB3D /* TimeFormatter.swift */; };
		4717B53A206790840086DB3D /* CityManagerViewController.swift in Sources */ = {isa = PBXBuildFile; fileRef = 4717B539206790840086DB3D /* CityManagerViewController.swift */; };
		4717B53C2067947C0086DB3D /* china-city-list.txt in Resources */ = {isa = PBXBuildFile; fileRef = 4717B53B2067947C0086DB3D /* china-city-list.txt */; };
		4717B53E206794C50086DB3D /* CityReader.swift in Sources */ = {isa = PBXBuildFile; fileRef = 4717B53D206794C50086DB3D /* CityReader.swift */; };
		4717B540206795180086DB3D /* City.swift in Sources */ = {isa = PBXBuildFile; fileRef = 4717B53F206795180086DB3D /* City.swift */; };
		472B17D520513A1600E8F78F /* ServiceConfiguration.swift in Sources */ = {isa = PBXBuildFile; fileRef = 472B17D420513A1600E8F78F /* ServiceConfiguration.swift */; };
		472B17DE20513B7200E8F78F /* Forecast.swift in Sources */ = {isa = PBXBuildFile; fileRef = 472B17DD20513B7200E8F78F /* Forecast.swift */; };
		472B17E020513FF500E8F78F /* ForecastTest.swift in Sources */ = {isa = PBXBuildFile; fileRef = 472B17DF20513FF500E8F78F /* ForecastTest.swift */; };
		472B17E52054202C00E8F78F /* MainViewModel.swift in Sources */ = {isa = PBXBuildFile; fileRef = 472B17E42054202C00E8F78F /* MainViewModel.swift */; };
		473827B2206E796F002171B2 /* SqliteHelper.swift in Sources */ = {isa = PBXBuildFile; fileRef = 473827B1206E796F002171B2 /* SqliteHelper.swift */; };
		4788B3F8202DA6100030E6F9 /* AppDelegate.swift in Sources */ = {isa = PBXBuildFile; fileRef = 4788B3F7202DA6100030E6F9 /* AppDelegate.swift */; };
		4788B3FA202DA6100030E6F9 /* ViewController.swift in Sources */ = {isa = PBXBuildFile; fileRef = 4788B3F9202DA6100030E6F9 /* ViewController.swift */; };
		4788B3FD202DA6100030E6F9 /* Main.storyboard in Resources */ = {isa = PBXBuildFile; fileRef = 4788B3FB202DA6100030E6F9 /* Main.storyboard */; };
		4788B3FF202DA6100030E6F9 /* Assets.xcassets in Resources */ = {isa = PBXBuildFile; fileRef = 4788B3FE202DA6100030E6F9 /* Assets.xcassets */; };
		4788B402202DA6100030E6F9 /* LaunchScreen.storyboard in Resources */ = {isa = PBXBuildFile; fileRef = 4788B400202DA6100030E6F9 /* LaunchScreen.storyboard */; };
		4788B40D202DA6100030E6F9 /* fengqingtianqiTests.swift in Sources */ = {isa = PBXBuildFile; fileRef = 4788B40C202DA6100030E6F9 /* fengqingtianqiTests.swift */; };
		4788B419202DAD800030E6F9 /* WeatherService.swift in Sources */ = {isa = PBXBuildFile; fileRef = 4788B418202DAD800030E6F9 /* WeatherService.swift */; };
		479911D1205E19CE00DB4CF0 /* BaseModel.swift in Sources */ = {isa = PBXBuildFile; fileRef = 479911D0205E19CE00DB4CF0 /* BaseModel.swift */; };
		479911D4205E699300DB4CF0 /* WeatherItemView.swift in Sources */ = {isa = PBXBuildFile; fileRef = 479911D3205E699300DB4CF0 /* WeatherItemView.swift */; };
		479911D6205E69B300DB4CF0 /* WeatherItemView.xib in Resources */ = {isa = PBXBuildFile; fileRef = 479911D5205E69B300DB4CF0 /* WeatherItemView.xib */; };
		47EDB724205564D40007DDB6 /* Observable+JSON.swift in Sources */ = {isa = PBXBuildFile; fileRef = 47EDB723205564D40007DDB6 /* Observable+JSON.swift */; };
		47EDB7272056BBB40007DDB6 /* NowWeather.swift in Sources */ = {isa = PBXBuildFile; fileRef = 47EDB7262056BBB40007DDB6 /* NowWeather.swift */; };
		47EDB7292056C2080007DDB6 /* NowWeatherTest.swift in Sources */ = {isa = PBXBuildFile; fileRef = 47EDB7282056C2080007DDB6 /* NowWeatherTest.swift */; };
		C503B0892321396EE0E7D741 /* Pods_fengqingtianqi.framework in Frameworks */ = {isa = PBXBuildFile; fileRef = 6B9816573807FFC3147952C8 /* Pods_fengqingtianqi.framework */; };
/* End PBXBuildFile section */

/* Begin PBXContainerItemProxy section */
		4788B409202DA6100030E6F9 /* PBXContainerItemProxy */ = {
			isa = PBXContainerItemProxy;
			containerPortal = 4788B3EC202DA6100030E6F9 /* Project object */;
			proxyType = 1;
			remoteGlobalIDString = 4788B3F3202DA6100030E6F9;
			remoteInfo = fengqingtianqi;
		};
/* End PBXContainerItemProxy section */

/* Begin PBXFileReference section */
		436641B78B9290E1D77FBB07 /* Pods-fengqingtianqi.release.xcconfig */ = {isa = PBXFileReference; includeInIndex = 1; lastKnownFileType = text.xcconfig; name = "Pods-fengqingtianqi.release.xcconfig"; path = "Pods/Target Support Files/Pods-fengqingtianqi/Pods-fengqingtianqi.release.xcconfig"; sourceTree = "<group>"; };
		4717B537206750880086DB3D /* TimeFormatter.swift */ = {isa = PBXFileReference; lastKnownFileType = sourcecode.swift; path = TimeFormatter.swift; sourceTree = "<group>"; };
		4717B539206790840086DB3D /* CityManagerViewController.swift */ = {isa = PBXFileReference; lastKnownFileType = sourcecode.swift; path = CityManagerViewController.swift; sourceTree = "<group>"; };
		4717B53B2067947C0086DB3D /* china-city-list.txt */ = {isa = PBXFileReference; fileEncoding = 4; lastKnownFileType = text; path = "china-city-list.txt"; sourceTree = "<group>"; };
		4717B53D206794C50086DB3D /* CityReader.swift */ = {isa = PBXFileReference; lastKnownFileType = sourcecode.swift; path = CityReader.swift; sourceTree = "<group>"; };
		4717B53F206795180086DB3D /* City.swift */ = {isa = PBXFileReference; lastKnownFileType = sourcecode.swift; path = City.swift; sourceTree = "<group>"; };
		472B17D420513A1600E8F78F /* ServiceConfiguration.swift */ = {isa = PBXFileReference; lastKnownFileType = sourcecode.swift; path = ServiceConfiguration.swift; sourceTree = "<group>"; };
		472B17DD20513B7200E8F78F /* Forecast.swift */ = {isa = PBXFileReference; lastKnownFileType = sourcecode.swift; path = Forecast.swift; sourceTree = "<group>"; };
		472B17DF20513FF500E8F78F /* ForecastTest.swift */ = {isa = PBXFileReference; lastKnownFileType = sourcecode.swift; path = ForecastTest.swift; sourceTree = "<group>"; };
		472B17E42054202C00E8F78F /* MainViewModel.swift */ = {isa = PBXFileReference; lastKnownFileType = sourcecode.swift; path = MainViewModel.swift; sourceTree = "<group>"; };
		473827B1206E796F002171B2 /* SqliteHelper.swift */ = {isa = PBXFileReference; lastKnownFileType = sourcecode.swift; path = SqliteHelper.swift; sourceTree = "<group>"; };
		4788B3F4202DA6100030E6F9 /* fengqingtianqi.app */ = {isa = PBXFileReference; explicitFileType = wrapper.application; includeInIndex = 0; path = fengqingtianqi.app; sourceTree = BUILT_PRODUCTS_DIR; };
		4788B3F7202DA6100030E6F9 /* AppDelegate.swift */ = {isa = PBXFileReference; lastKnownFileType = sourcecode.swift; path = AppDelegate.swift; sourceTree = "<group>"; };
		4788B3F9202DA6100030E6F9 /* ViewController.swift */ = {isa = PBXFileReference; lastKnownFileType = sourcecode.swift; path = ViewController.swift; sourceTree = "<group>"; };
		4788B3FC202DA6100030E6F9 /* Base */ = {isa = PBXFileReference; lastKnownFileType = file.storyboard; name = Base; path = Base.lproj/Main.storyboard; sourceTree = "<group>"; };
		4788B3FE202DA6100030E6F9 /* Assets.xcassets */ = {isa = PBXFileReference; lastKnownFileType = folder.assetcatalog; path = Assets.xcassets; sourceTree = "<group>"; };
		4788B401202DA6100030E6F9 /* Base */ = {isa = PBXFileReference; lastKnownFileType = file.storyboard; name = Base; path = Base.lproj/LaunchScreen.storyboard; sourceTree = "<group>"; };
		4788B403202DA6100030E6F9 /* Info.plist */ = {isa = PBXFileReference; lastKnownFileType = text.plist.xml; path = Info.plist; sourceTree = "<group>"; };
		4788B408202DA6100030E6F9 /* fengqingtianqiTests.xctest */ = {isa = PBXFileReference; explicitFileType = wrapper.cfbundle; includeInIndex = 0; path = fengqingtianqiTests.xctest; sourceTree = BUILT_PRODUCTS_DIR; };
		4788B40C202DA6100030E6F9 /* fengqingtianqiTests.swift */ = {isa = PBXFileReference; lastKnownFileType = sourcecode.swift; path = fengqingtianqiTests.swift; sourceTree = "<group>"; };
		4788B40E202DA6100030E6F9 /* Info.plist */ = {isa = PBXFileReference; lastKnownFileType = text.plist.xml; path = Info.plist; sourceTree = "<group>"; };
		4788B418202DAD800030E6F9 /* WeatherService.swift */ = {isa = PBXFileReference; lastKnownFileType = sourcecode.swift; path = WeatherService.swift; sourceTree = "<group>"; };
		479911D0205E19CE00DB4CF0 /* BaseModel.swift */ = {isa = PBXFileReference; lastKnownFileType = sourcecode.swift; path = BaseModel.swift; sourceTree = "<group>"; };
		479911D3205E699300DB4CF0 /* WeatherItemView.swift */ = {isa = PBXFileReference; lastKnownFileType = sourcecode.swift; path = WeatherItemView.swift; sourceTree = "<group>"; };
		479911D5205E69B300DB4CF0 /* WeatherItemView.xib */ = {isa = PBXFileReference; lastKnownFileType = file.xib; path = WeatherItemView.xib; sourceTree = "<group>"; };
		47EDB723205564D40007DDB6 /* Observable+JSON.swift */ = {isa = PBXFileReference; lastKnownFileType = sourcecode.swift; path = "Observable+JSON.swift"; sourceTree = "<group>"; };
		47EDB7262056BBB40007DDB6 /* NowWeather.swift */ = {isa = PBXFileReference; lastKnownFileType = sourcecode.swift; path = NowWeather.swift; sourceTree = "<group>"; };
		47EDB7282056C2080007DDB6 /* NowWeatherTest.swift */ = {isa = PBXFileReference; lastKnownFileType = sourcecode.swift; path = NowWeatherTest.swift; sourceTree = "<group>"; };
		53A8C44AE32763CF2845FD2C /* Pods-fengqingtianqi.debug.xcconfig */ = {isa = PBXFileReference; includeInIndex = 1; lastKnownFileType = text.xcconfig; name = "Pods-fengqingtianqi.debug.xcconfig"; path = "Pods/Target Support Files/Pods-fengqingtianqi/Pods-fengqingtianqi.debug.xcconfig"; sourceTree = "<group>"; };
		6B9816573807FFC3147952C8 /* Pods_fengqingtianqi.framework */ = {isa = PBXFileReference; explicitFileType = wrapper.framework; includeInIndex = 0; path = Pods_fengqingtianqi.framework; sourceTree = BUILT_PRODUCTS_DIR; };
/* End PBXFileReference section */

/* Begin PBXFrameworksBuildPhase section */
		4788B3F1202DA6100030E6F9 /* Frameworks */ = {
			isa = PBXFrameworksBuildPhase;
			buildActionMask = 2147483647;
			files = (
				C503B0892321396EE0E7D741 /* Pods_fengqingtianqi.framework in Frameworks */,
			);
			runOnlyForDeploymentPostprocessing = 0;
		};
		4788B405202DA6100030E6F9 /* Frameworks */ = {
			isa = PBXFrameworksBuildPhase;
			buildActionMask = 2147483647;
			files = (
			);
			runOnlyForDeploymentPostprocessing = 0;
		};
/* End PBXFrameworksBuildPhase section */

/* Begin PBXGroup section */
		4717B536206750750086DB3D /* Helper */ = {
			isa = PBXGroup;
			children = (
				4717B537206750880086DB3D /* TimeFormatter.swift */,
				4717B53D206794C50086DB3D /* CityReader.swift */,
				473827B1206E796F002171B2 /* SqliteHelper.swift */,
			);
			path = Helper;
			sourceTree = "<group>";
		};
		472B17D620513AB900E8F78F /* Weather */ = {
			isa = PBXGroup;
			children = (
				472B17E120541A3200E8F78F /* ViewModel */,
				472B17D920513AE700E8F78F /* ViewController */,
				472B17D820513AE100E8F78F /* Model */,
			);
			path = Weather;
			sourceTree = "<group>";
		};
		472B17D820513AE100E8F78F /* Model */ = {
			isa = PBXGroup;
			children = (
				472B17DD20513B7200E8F78F /* Forecast.swift */,
				47EDB7262056BBB40007DDB6 /* NowWeather.swift */,
				479911D0205E19CE00DB4CF0 /* BaseModel.swift */,
				4717B53F206795180086DB3D /* City.swift */,
			);
			path = Model;
			sourceTree = "<group>";
		};
		472B17D920513AE700E8F78F /* ViewController */ = {
			isa = PBXGroup;
			children = (
				4788B3F9202DA6100030E6F9 /* ViewController.swift */,
				4717B539206790840086DB3D /* CityManagerViewController.swift */,
			);
			path = ViewController;
			sourceTree = "<group>";
		};
		472B17DA20513B1300E8F78F /* Weather */ = {
			isa = PBXGroup;
			children = (
				472B17DB20513B1A00E8F78F /* Model */,
			);
			path = Weather;
			sourceTree = "<group>";
		};
		472B17DB20513B1A00E8F78F /* Model */ = {
			isa = PBXGroup;
			children = (
				472B17DF20513FF500E8F78F /* ForecastTest.swift */,
				47EDB7282056C2080007DDB6 /* NowWeatherTest.swift */,
			);
			path = Model;
			sourceTree = "<group>";
		};
		472B17E120541A3200E8F78F /* ViewModel */ = {
			isa = PBXGroup;
			children = (
				472B17E42054202C00E8F78F /* MainViewModel.swift */,
			);
			path = ViewModel;
			sourceTree = "<group>";
		};
		4788B3EB202DA6100030E6F9 = {
			isa = PBXGroup;
			children = (
				4788B3F6202DA6100030E6F9 /* fengqingtianqi */,
				4788B40B202DA6100030E6F9 /* fengqingtianqiTests */,
				4788B3F5202DA6100030E6F9 /* Products */,
				61E5791282803521876CD61B /* Pods */,
				7856203CBB83FF90EE96001A /* Frameworks */,
			);
			sourceTree = "<group>";
		};
		4788B3F5202DA6100030E6F9 /* Products */ = {
			isa = PBXGroup;
			children = (
				4788B3F4202DA6100030E6F9 /* fengqingtianqi.app */,
				4788B408202DA6100030E6F9 /* fengqingtianqiTests.xctest */,
			);
			name = Products;
			sourceTree = "<group>";
		};
		4788B3F6202DA6100030E6F9 /* fengqingtianqi */ = {
			isa = PBXGroup;
			children = (
				4717B536206750750086DB3D /* Helper */,
				479911D2205E696C00DB4CF0 /* View */,
				47EDB722205564920007DDB6 /* extension */,
				472B17D620513AB900E8F78F /* Weather */,
				4788B417202DAD730030E6F9 /* Service */,
				4788B3F7202DA6100030E6F9 /* AppDelegate.swift */,
				4788B3FB202DA6100030E6F9 /* Main.storyboard */,
				4788B3FE202DA6100030E6F9 /* Assets.xcassets */,
				4717B53B2067947C0086DB3D /* china-city-list.txt */,
				4788B400202DA6100030E6F9 /* LaunchScreen.storyboard */,
				4788B403202DA6100030E6F9 /* Info.plist */,
			);
			path = fengqingtianqi;
			sourceTree = "<group>";
		};
		4788B40B202DA6100030E6F9 /* fengqingtianqiTests */ = {
			isa = PBXGroup;
			children = (
				472B17DA20513B1300E8F78F /* Weather */,
				4788B40C202DA6100030E6F9 /* fengqingtianqiTests.swift */,
				4788B40E202DA6100030E6F9 /* Info.plist */,
			);
			path = fengqingtianqiTests;
			sourceTree = "<group>";
		};
		4788B417202DAD730030E6F9 /* Service */ = {
			isa = PBXGroup;
			children = (
				4788B418202DAD800030E6F9 /* WeatherService.swift */,
				472B17D420513A1600E8F78F /* ServiceConfiguration.swift */,
			);
			path = Service;
			sourceTree = "<group>";
		};
		479911D2205E696C00DB4CF0 /* View */ = {
			isa = PBXGroup;
			children = (
				479911D3205E699300DB4CF0 /* WeatherItemView.swift */,
				479911D5205E69B300DB4CF0 /* WeatherItemView.xib */,
			);
			path = View;
			sourceTree = "<group>";
		};
		47EDB722205564920007DDB6 /* extension */ = {
			isa = PBXGroup;
			children = (
				47EDB723205564D40007DDB6 /* Observable+JSON.swift */,
			);
			path = extension;
			sourceTree = "<group>";
		};
		61E5791282803521876CD61B /* Pods */ = {
			isa = PBXGroup;
			children = (
				53A8C44AE32763CF2845FD2C /* Pods-fengqingtianqi.debug.xcconfig */,
				436641B78B9290E1D77FBB07 /* Pods-fengqingtianqi.release.xcconfig */,
			);
			name = Pods;
			sourceTree = "<group>";
		};
		7856203CBB83FF90EE96001A /* Frameworks */ = {
			isa = PBXGroup;
			children = (
				6B9816573807FFC3147952C8 /* Pods_fengqingtianqi.framework */,
			);
			name = Frameworks;
			sourceTree = "<group>";
		};
/* End PBXGroup section */

/* Begin PBXNativeTarget section */
		4788B3F3202DA6100030E6F9 /* fengqingtianqi */ = {
			isa = PBXNativeTarget;
			buildConfigurationList = 4788B411202DA6100030E6F9 /* Build configuration list for PBXNativeTarget "fengqingtianqi" */;
			buildPhases = (
				9A5BD776F5F5B5BF220D3E8D /* [CP] Check Pods Manifest.lock */,
				4788B3F0202DA6100030E6F9 /* Sources */,
				4788B3F1202DA6100030E6F9 /* Frameworks */,
				4788B3F2202DA6100030E6F9 /* Resources */,
				987E55067F0B6AEECBC63C24 /* [CP] Embed Pods Frameworks */,
				93490D5B6C643A101564E6D9 /* [CP] Copy Pods Resources */,
			);
			buildRules = (
			);
			dependencies = (
			);
			name = fengqingtianqi;
			productName = fengqingtianqi;
			productReference = 4788B3F4202DA6100030E6F9 /* fengqingtianqi.app */;
			productType = "com.apple.product-type.application";
		};
		4788B407202DA6100030E6F9 /* fengqingtianqiTests */ = {
			isa = PBXNativeTarget;
			buildConfigurationList = 4788B414202DA6100030E6F9 /* Build configuration list for PBXNativeTarget "fengqingtianqiTests" */;
			buildPhases = (
				4788B404202DA6100030E6F9 /* Sources */,
				4788B405202DA6100030E6F9 /* Frameworks */,
				4788B406202DA6100030E6F9 /* Resources */,
			);
			buildRules = (
			);
			dependencies = (
				4788B40A202DA6100030E6F9 /* PBXTargetDependency */,
			);
			name = fengqingtianqiTests;
			productName = fengqingtianqiTests;
			productReference = 4788B408202DA6100030E6F9 /* fengqingtianqiTests.xctest */;
			productType = "com.apple.product-type.bundle.unit-test";
		};
/* End PBXNativeTarget section */

/* Begin PBXProject section */
		4788B3EC202DA6100030E6F9 /* Project object */ = {
			isa = PBXProject;
			attributes = {
				LastSwiftUpdateCheck = 0910;
				LastUpgradeCheck = 0910;
				ORGANIZATIONNAME = ChenJunzhi;
				TargetAttributes = {
					4788B3F3202DA6100030E6F9 = {
						CreatedOnToolsVersion = 9.1;
						ProvisioningStyle = Automatic;
					};
					4788B407202DA6100030E6F9 = {
						CreatedOnToolsVersion = 9.1;
						ProvisioningStyle = Automatic;
						TestTargetID = 4788B3F3202DA6100030E6F9;
					};
				};
			};
			buildConfigurationList = 4788B3EF202DA6100030E6F9 /* Build configuration list for PBXProject "fengqingtianqi" */;
			compatibilityVersion = "Xcode 8.0";
			developmentRegion = en;
			hasScannedForEncodings = 0;
			knownRegions = (
				en,
				Base,
			);
			mainGroup = 4788B3EB202DA6100030E6F9;
			productRefGroup = 4788B3F5202DA6100030E6F9 /* Products */;
			projectDirPath = "";
			projectRoot = "";
			targets = (
				4788B3F3202DA6100030E6F9 /* fengqingtianqi */,
				4788B407202DA6100030E6F9 /* fengqingtianqiTests */,
			);
		};
/* End PBXProject section */

/* Begin PBXResourcesBuildPhase section */
		4788B3F2202DA6100030E6F9 /* Resources */ = {
			isa = PBXResourcesBuildPhase;
			buildActionMask = 2147483647;
			files = (
				4788B402202DA6100030E6F9 /* LaunchScreen.storyboard in Resources */,
				4717B53C2067947C0086DB3D /* china-city-list.txt in Resources */,
				4788B3FF202DA6100030E6F9 /* Assets.xcassets in Resources */,
				479911D6205E69B300DB4CF0 /* WeatherItemView.xib in Resources */,
				4788B3FD202DA6100030E6F9 /* Main.storyboard in Resources */,
			);
			runOnlyForDeploymentPostprocessing = 0;
		};
		4788B406202DA6100030E6F9 /* Resources */ = {
			isa = PBXResourcesBuildPhase;
			buildActionMask = 2147483647;
			files = (
			);
			runOnlyForDeploymentPostprocessing = 0;
		};
/* End PBXResourcesBuildPhase section */

/* Begin PBXShellScriptBuildPhase section */
		93490D5B6C643A101564E6D9 /* [CP] Copy Pods Resources */ = {
			isa = PBXShellScriptBuildPhase;
			buildActionMask = 2147483647;
			files = (
			);
			inputPaths = (
			);
			name = "[CP] Copy Pods Resources";
			outputPaths = (
			);
			runOnlyForDeploymentPostprocessing = 0;
			shellPath = /bin/sh;
			shellScript = "\"${SRCROOT}/Pods/Target Support Files/Pods-fengqingtianqi/Pods-fengqingtianqi-resources.sh\"\n";
			showEnvVarsInLog = 0;
		};
		987E55067F0B6AEECBC63C24 /* [CP] Embed Pods Frameworks */ = {
			isa = PBXShellScriptBuildPhase;
			buildActionMask = 2147483647;
			files = (
			);
			inputPaths = (
				"${SRCROOT}/Pods/Target Support Files/Pods-fengqingtianqi/Pods-fengqingtianqi-frameworks.sh",
				"${BUILT_PRODUCTS_DIR}/Alamofire/Alamofire.framework",
				"${BUILT_PRODUCTS_DIR}/Moya/Moya.framework",
				"${BUILT_PRODUCTS_DIR}/Result/Result.framework",
				"${BUILT_PRODUCTS_DIR}/RxCocoa/RxCocoa.framework",
				"${BUILT_PRODUCTS_DIR}/RxSwift/RxSwift.framework",
				"${BUILT_PRODUCTS_DIR}/SnapKit/SnapKit.framework",
			);
			name = "[CP] Embed Pods Frameworks";
			outputPaths = (
				"${TARGET_BUILD_DIR}/${FRAMEWORKS_FOLDER_PATH}/Alamofire.framework",
				"${TARGET_BUILD_DIR}/${FRAMEWORKS_FOLDER_PATH}/Moya.framework",
				"${TARGET_BUILD_DIR}/${FRAMEWORKS_FOLDER_PATH}/Result.framework",
				"${TARGET_BUILD_DIR}/${FRAMEWORKS_FOLDER_PATH}/RxCocoa.framework",
				"${TARGET_BUILD_DIR}/${FRAMEWORKS_FOLDER_PATH}/RxSwift.framework",
				"${TARGET_BUILD_DIR}/${FRAMEWORKS_FOLDER_PATH}/SnapKit.framework",
			);
			runOnlyForDeploymentPostprocessing = 0;
			shellPath = /bin/sh;
			shellScript = "\"${SRCROOT}/Pods/Target Support Files/Pods-fengqingtianqi/Pods-fengqingtianqi-frameworks.sh\"\n";
			showEnvVarsInLog = 0;
		};
		9A5BD776F5F5B5BF220D3E8D /* [CP] Check Pods Manifest.lock */ = {
			isa = PBXShellScriptBuildPhase;
			buildActionMask = 2147483647;
			files = (
			);
			inputPaths = (
				"${PODS_PODFILE_DIR_PATH}/Podfile.lock",
				"${PODS_ROOT}/Manifest.lock",
			);
			name = "[CP] Check Pods Manifest.lock";
			outputPaths = (
				"$(DERIVED_FILE_DIR)/Pods-fengqingtianqi-checkManifestLockResult.txt",
			);
			runOnlyForDeploymentPostprocessing = 0;
			shellPath = /bin/sh;
			shellScript = "diff \"${PODS_PODFILE_DIR_PATH}/Podfile.lock\" \"${PODS_ROOT}/Manifest.lock\" > /dev/null\nif [ $? != 0 ] ; then\n    # print error to STDERR\n    echo \"error: The sandbox is not in sync with the Podfile.lock. Run 'pod install' or update your CocoaPods installation.\" >&2\n    exit 1\nfi\n# This output is used by Xcode 'outputs' to avoid re-running this script phase.\necho \"SUCCESS\" > \"${SCRIPT_OUTPUT_FILE_0}\"\n";
			showEnvVarsInLog = 0;
		};
/* End PBXShellScriptBuildPhase section */

/* Begin PBXSourcesBuildPhase section */
		4788B3F0202DA6100030E6F9 /* Sources */ = {
			isa = PBXSourcesBuildPhase;
			buildActionMask = 2147483647;
			files = (
				479911D4205E699300DB4CF0 /* WeatherItemView.swift in Sources */,
				479911D1205E19CE00DB4CF0 /* BaseModel.swift in Sources */,
				4717B53E206794C50086DB3D /* CityReader.swift in Sources */,
				4788B419202DAD800030E6F9 /* WeatherService.swift in Sources */,
				4788B3FA202DA6100030E6F9 /* ViewController.swift in Sources */,
				472B17D520513A1600E8F78F /* ServiceConfiguration.swift in Sources */,
				4717B540206795180086DB3D /* City.swift in Sources */,
				4788B3F8202DA6100030E6F9 /* AppDelegate.swift in Sources */,
				4717B538206750880086DB3D /* TimeFormatter.swift in Sources */,
				472B17DE20513B7200E8F78F /* Forecast.swift in Sources */,
				47EDB724205564D40007DDB6 /* Observable+JSON.swift in Sources */,
				4717B53A206790840086DB3D /* CityManagerViewController.swift in Sources */,
				473827B2206E796F002171B2 /* SqliteHelper.swift in Sources */,
				472B17E52054202C00E8F78F /* MainViewModel.swift in Sources */,
				47EDB7272056BBB40007DDB6 /* NowWeather.swift in Sources */,
			);
			runOnlyForDeploymentPostprocessing = 0;
		};
		4788B404202DA6100030E6F9 /* Sources */ = {
			isa = PBXSourcesBuildPhase;
			buildActionMask = 2147483647;
			files = (
				472B17E020513FF500E8F78F /* ForecastTest.swift in Sources */,
				47EDB7292056C2080007DDB6 /* NowWeatherTest.swift in Sources */,
				4788B40D202DA6100030E6F9 /* fengqingtianqiTests.swift in Sources */,
			);
			runOnlyForDeploymentPostprocessing = 0;
		};
/* End PBXSourcesBuildPhase section */

/* Begin PBXTargetDependency section */
		4788B40A202DA6100030E6F9 /* PBXTargetDependency */ = {
			isa = PBXTargetDependency;
			target = 4788B3F3202DA6100030E6F9 /* fengqingtianqi */;
			targetProxy = 4788B409202DA6100030E6F9 /* PBXContainerItemProxy */;
		};
/* End PBXTargetDependency section */

/* Begin PBXVariantGroup section */
		4788B3FB202DA6100030E6F9 /* Main.storyboard */ = {
			isa = PBXVariantGroup;
			children = (
				4788B3FC202DA6100030E6F9 /* Base */,
			);
			name = Main.storyboard;
			sourceTree = "<group>";
		};
		4788B400202DA6100030E6F9 /* LaunchScreen.storyboard */ = {
			isa = PBXVariantGroup;
			children = (
				4788B401202DA6100030E6F9 /* Base */,
			);
			name = LaunchScreen.storyboard;
			sourceTree = "<group>";
		};
/* End PBXVariantGroup section */

/* Begin XCBuildConfiguration section */
		4788B40F202DA6100030E6F9 /* Debug */ = {
			isa = XCBuildConfiguration;
			buildSettings = {
				ALWAYS_SEARCH_USER_PATHS = NO;
				CLANG_ANALYZER_NONNULL = YES;
				CLANG_ANALYZER_NUMBER_OBJECT_CONVERSION = YES_AGGRESSIVE;
				CLANG_CXX_LANGUAGE_STANDARD = "gnu++14";
				CLANG_CXX_LIBRARY = "libc++";
				CLANG_ENABLE_MODULES = YES;
				CLANG_ENABLE_OBJC_ARC = YES;
				CLANG_WARN_BLOCK_CAPTURE_AUTORELEASING = YES;
				CLANG_WARN_BOOL_CONVERSION = YES;
				CLANG_WARN_COMMA = YES;
				CLANG_WARN_CONSTANT_CONVERSION = YES;
				CLANG_WARN_DIRECT_OBJC_ISA_USAGE = YES_ERROR;
				CLANG_WARN_DOCUMENTATION_COMMENTS = YES;
				CLANG_WARN_EMPTY_BODY = YES;
				CLANG_WARN_ENUM_CONVERSION = YES;
				CLANG_WARN_INFINITE_RECURSION = YES;
				CLANG_WARN_INT_CONVERSION = YES;
				CLANG_WARN_NON_LITERAL_NULL_CONVERSION = YES;
				CLANG_WARN_OBJC_LITERAL_CONVERSION = YES;
				CLANG_WARN_OBJC_ROOT_CLASS = YES_ERROR;
				CLANG_WARN_RANGE_LOOP_ANALYSIS = YES;
				CLANG_WARN_STRICT_PROTOTYPES = YES;
				CLANG_WARN_SUSPICIOUS_MOVE = YES;
				CLANG_WARN_UNGUARDED_AVAILABILITY = YES_AGGRESSIVE;
				CLANG_WARN_UNREACHABLE_CODE = YES;
				CLANG_WARN__DUPLICATE_METHOD_MATCH = YES;
				CODE_SIGN_IDENTITY = "iPhone Developer";
				COPY_PHASE_STRIP = NO;
				DEBUG_INFORMATION_FORMAT = dwarf;
				ENABLE_STRICT_OBJC_MSGSEND = YES;
				ENABLE_TESTABILITY = YES;
				GCC_C_LANGUAGE_STANDARD = gnu11;
				GCC_DYNAMIC_NO_PIC = NO;
				GCC_NO_COMMON_BLOCKS = YES;
				GCC_OPTIMIZATION_LEVEL = 0;
				GCC_PREPROCESSOR_DEFINITIONS = (
					"DEBUG=1",
					"$(inherited)",
				);
				GCC_WARN_64_TO_32_BIT_CONVERSION = YES;
				GCC_WARN_ABOUT_RETURN_TYPE = YES_ERROR;
				GCC_WARN_UNDECLARED_SELECTOR = YES;
				GCC_WARN_UNINITIALIZED_AUTOS = YES_AGGRESSIVE;
				GCC_WARN_UNUSED_FUNCTION = YES;
				GCC_WARN_UNUSED_VARIABLE = YES;
				IPHONEOS_DEPLOYMENT_TARGET = 11.1;
				MTL_ENABLE_DEBUG_INFO = YES;
				ONLY_ACTIVE_ARCH = YES;
				SDKROOT = iphoneos;
				SWIFT_ACTIVE_COMPILATION_CONDITIONS = DEBUG;
				SWIFT_OPTIMIZATION_LEVEL = "-Onone";
			};
			name = Debug;
		};
		4788B410202DA6100030E6F9 /* Release */ = {
			isa = XCBuildConfiguration;
			buildSettings = {
				ALWAYS_SEARCH_USER_PATHS = NO;
				CLANG_ANALYZER_NONNULL = YES;
				CLANG_ANALYZER_NUMBER_OBJECT_CONVERSION = YES_AGGRESSIVE;
				CLANG_CXX_LANGUAGE_STANDARD = "gnu++14";
				CLANG_CXX_LIBRARY = "libc++";
				CLANG_ENABLE_MODULES = YES;
				CLANG_ENABLE_OBJC_ARC = YES;
				CLANG_WARN_BLOCK_CAPTURE_AUTORELEASING = YES;
				CLANG_WARN_BOOL_CONVERSION = YES;
				CLANG_WARN_COMMA = YES;
				CLANG_WARN_CONSTANT_CONVERSION = YES;
				CLANG_WARN_DIRECT_OBJC_ISA_USAGE = YES_ERROR;
				CLANG_WARN_DOCUMENTATION_COMMENTS = YES;
				CLANG_WARN_EMPTY_BODY = YES;
				CLANG_WARN_ENUM_CONVERSION = YES;
				CLANG_WARN_INFINITE_RECURSION = YES;
				CLANG_WARN_INT_CONVERSION = YES;
				CLANG_WARN_NON_LITERAL_NULL_CONVERSION = YES;
				CLANG_WARN_OBJC_LITERAL_CONVERSION = YES;
				CLANG_WARN_OBJC_ROOT_CLASS = YES_ERROR;
				CLANG_WARN_RANGE_LOOP_ANALYSIS = YES;
				CLANG_WARN_STRICT_PROTOTYPES = YES;
				CLANG_WARN_SUSPICIOUS_MOVE = YES;
				CLANG_WARN_UNGUARDED_AVAILABILITY = YES_AGGRESSIVE;
				CLANG_WARN_UNREACHABLE_CODE = YES;
				CLANG_WARN__DUPLICATE_METHOD_MATCH = YES;
				CODE_SIGN_IDENTITY = "iPhone Developer";
				COPY_PHASE_STRIP = NO;
				DEBUG_INFORMATION_FORMAT = "dwarf-with-dsym";
				ENABLE_NS_ASSERTIONS = NO;
				ENABLE_STRICT_OBJC_MSGSEND = YES;
				GCC_C_LANGUAGE_STANDARD = gnu11;
				GCC_NO_COMMON_BLOCKS = YES;
				GCC_WARN_64_TO_32_BIT_CONVERSION = YES;
				GCC_WARN_ABOUT_RETURN_TYPE = YES_ERROR;
				GCC_WARN_UNDECLARED_SELECTOR = YES;
				GCC_WARN_UNINITIALIZED_AUTOS = YES_AGGRESSIVE;
				GCC_WARN_UNUSED_FUNCTION = YES;
				GCC_WARN_UNUSED_VARIABLE = YES;
				IPHONEOS_DEPLOYMENT_TARGET = 11.1;
				MTL_ENABLE_DEBUG_INFO = NO;
				SDKROOT = iphoneos;
				SWIFT_OPTIMIZATION_LEVEL = "-Owholemodule";
				VALIDATE_PRODUCT = YES;
			};
			name = Release;
		};
		4788B412202DA6100030E6F9 /* Debug */ = {
			isa = XCBuildConfiguration;
			baseConfigurationReference = 53A8C44AE32763CF2845FD2C /* Pods-fengqingtianqi.debug.xcconfig */;
			buildSettings = {
				ASSETCATALOG_COMPILER_APPICON_NAME = AppIcon;
				CODE_SIGN_STYLE = Automatic;
				DEVELOPMENT_TEAM = MKW6K38424;
				INFOPLIST_FILE = fengqingtianqi/Info.plist;
				IPHONEOS_DEPLOYMENT_TARGET = 9.0;
				LD_RUNPATH_SEARCH_PATHS = "$(inherited) @executable_path/Frameworks";
				PRODUCT_BUNDLE_IDENTIFIER = com.cjz.fengqingtianqi;
				PRODUCT_NAME = "$(TARGET_NAME)";
				SWIFT_VERSION = 4.0;
				TARGETED_DEVICE_FAMILY = "1,2";
			};
			name = Debug;
		};
		4788B413202DA6100030E6F9 /* Release */ = {
			isa = XCBuildConfiguration;
			baseConfigurationReference = 436641B78B9290E1D77FBB07 /* Pods-fengqingtianqi.release.xcconfig */;
			buildSettings = {
				ASSETCATALOG_COMPILER_APPICON_NAME = AppIcon;
				CODE_SIGN_STYLE = Automatic;
				DEVELOPMENT_TEAM = MKW6K38424;
				INFOPLIST_FILE = fengqingtianqi/Info.plist;
				IPHONEOS_DEPLOYMENT_TARGET = 9.0;
				LD_RUNPATH_SEARCH_PATHS = "$(inherited) @executable_path/Frameworks";
				PRODUCT_BUNDLE_IDENTIFIER = com.cjz.fengqingtianqi;
				PRODUCT_NAME = "$(TARGET_NAME)";
				SWIFT_VERSION = 4.0;
				TARGETED_DEVICE_FAMILY = "1,2";
			};
			name = Release;
		};
		4788B415202DA6100030E6F9 /* Debug */ = {
			isa = XCBuildConfiguration;
			buildSettings = {
				ALWAYS_EMBED_SWIFT_STANDARD_LIBRARIES = YES;
				BUNDLE_LOADER = "$(TEST_HOST)";
				CODE_SIGN_STYLE = Automatic;
				DEVELOPMENT_TEAM = MKW6K38424;
				INFOPLIST_FILE = fengqingtianqiTests/Info.plist;
				LD_RUNPATH_SEARCH_PATHS = "$(inherited) @executable_path/Frameworks @loader_path/Frameworks";
				PRODUCT_BUNDLE_IDENTIFIER = com.cjz.fengqingtianqiTests;
				PRODUCT_NAME = "$(TARGET_NAME)";
				SWIFT_VERSION = 4.0;
				TARGETED_DEVICE_FAMILY = "1,2";
				TEST_HOST = "$(BUILT_PRODUCTS_DIR)/fengqingtianqi.app/fengqingtianqi";
			};
			name = Debug;
		};
		4788B416202DA6100030E6F9 /* Release */ = {
			isa = XCBuildConfiguration;
			buildSettings = {
				ALWAYS_EMBED_SWIFT_STANDARD_LIBRARIES = YES;
				BUNDLE_LOADER = "$(TEST_HOST)";
				CODE_SIGN_STYLE = Automatic;
				DEVELOPMENT_TEAM = MKW6K38424;
				INFOPLIST_FILE = fengqingtianqiTests/Info.plist;
				LD_RUNPATH_SEARCH_PATHS = "$(inherited) @executable_path/Frameworks @loader_path/Frameworks";
				PRODUCT_BUNDLE_IDENTIFIER = com.cjz.fengqingtianqiTests;
				PRODUCT_NAME = "$(TARGET_NAME)";
				SWIFT_VERSION = 4.0;
				TARGETED_DEVICE_FAMILY = "1,2";
				TEST_HOST = "$(BUILT_PRODUCTS_DIR)/fengqingtianqi.app/fengqingtianqi";
			};
			name = Release;
		};
/* End XCBuildConfiguration section */

/* Begin XCConfigurationList section */
		4788B3EF202DA6100030E6F9 /* Build configuration list for PBXProject "fengqingtianqi" */ = {
			isa = XCConfigurationList;
			buildConfigurations = (
				4788B40F202DA6100030E6F9 /* Debug */,
				4788B410202DA6100030E6F9 /* Release */,
			);
			defaultConfigurationIsVisible = 0;
			defaultConfigurationName = Release;
		};
		4788B411202DA6100030E6F9 /* Build configuration list for PBXNativeTarget "fengqingtianqi" */ = {
			isa = XCConfigurationList;
			buildConfigurations = (
				4788B412202DA6100030E6F9 /* Debug */,
				4788B413202DA6100030E6F9 /* Release */,
			);
			defaultConfigurationIsVisible = 0;
			defaultConfigurationName = Release;
		};
		4788B414202DA6100030E6F9 /* Build configuration list for PBXNativeTarget "fengqingtianqiTests" */ = {
			isa = XCConfigurationList;
			buildConfigurations = (
				4788B415202DA6100030E6F9 /* Debug */,
				4788B416202DA6100030E6F9 /* Release */,
			);
			defaultConfigurationIsVisible = 0;
			defaultConfigurationName = Release;
		};
/* End XCConfigurationList section */
	};
	rootObject = 4788B3EC202DA6100030E6F9 /* Project object */;
}
